
Microsoft Visual Studio Solution File, Format Version 12.00
# Visual Studio 15
VisualStudioVersion = 15.0.28307.106
MinimumVisualStudioVersion = 10.0.40219.1
Project("{FAE04EC0-301F-11D3-BF4B-00C04F79EFBC}") = "ZYW.DTO", "DTO\ZYW.DTO.csproj", "{A2106A1B-04C7-4C8E-88B0-319CD602EF53}"
EndProject
Project("{FAE04EC0-301F-11D3-BF4B-00C04F79EFBC}") = "ZYW.CommonMVC", "CommonMVC\ZYW.CommonMVC.csproj", "{91F8CE90-08F8-4998-8AE0-6DDCA27B47B8}"
EndProject
Project("{FAE04EC0-301F-11D3-BF4B-00C04F79EFBC}") = "ZYW.IServices", "IServices\ZYW.IServices.csproj", "{FF0F650E-EC98-49BA-A5BC-7913C3887B84}"
EndProject
Project("{FAE04EC0-301F-11D3-BF4B-00C04F79EFBC}") = "ZYW.Services", "Services\ZYW.Services.csproj", "{4DE2F230-4FD5-423E-AECB-081004A798E4}"
EndProject
Project("{FAE04EC0-301F-11D3-BF4B-00C04F79EFBC}") = "ZYW.Web", "ZYW.Web\ZYW.Web.csproj", "{7E6C682B-AE53-4B9C-9AFA-6410ADF4CE44}"
EndProject
Global
	GlobalSection(SolutionConfigurationPlatforms) = preSolution
		Debug|Any CPU = Debug|Any CPU
		Release|Any CPU = Release|Any CPU
	EndGlobalSection
	GlobalSection(ProjectConfigurationPlatforms) = postSolution
		{A2106A1B-04C7-4C8E-88B0-319CD602EF53}.Debug|Any CPU.ActiveCfg = Debug|Any CPU
		{A2106A1B-04C7-4C8E-88B0-319CD602EF53}.Debug|Any CPU.Build.0 = Debug|Any CPU
		{A2106A1B-04C7-4C8E-88B0-319CD602EF53}.Release|Any CPU.ActiveCfg = Release|Any CPU
		{A2106A1B-04C7-4C8E-88B0-319CD602EF53}.Release|Any CPU.Build.0 = Release|Any CPU
		{91F8CE90-08F8-4998-8AE0-6DDCA27B47B8}.Debug|Any CPU.ActiveCfg = Debug|Any CPU
		{91F8CE90-08F8-4998-8AE0-6DDCA27B47B8}.Debug|Any CPU.Build.0 = Debug|Any CPU
		{91F8CE90-08F8-4998-8AE0-6DDCA27B47B8}.Release|Any CPU.ActiveCfg = Release|Any CPU
		{91F8CE90-08F8-4998-8AE0-6DDCA27B47B8}.Release|Any CPU.Build.0 = Release|Any CPU
		{FF0F650E-EC98-49BA-A5BC-7913C3887B84}.Debug|Any CPU.ActiveCfg = Debug|Any CPU
		{FF0F650E-EC98-49BA-A5BC-7913C3887B84}.Debug|Any CPU.Build.0 = Debug|Any CPU
		{FF0F650E-EC98-49BA-A5BC-7913C3887B84}.Release|Any CPU.ActiveCfg = Release|Any CPU
		{FF0F650E-EC98-49BA-A5BC-7913C3887B84}.Release|Any CPU.Build.0 = Release|Any CPU
		{4DE2F230-4FD5-423E-AECB-081004A798E4}.Debug|Any CPU.ActiveCfg = Debug|Any CPU
		{4DE2F230-4FD5-423E-AECB-081004A798E4}.Debug|Any CPU.Build.0 = Debug|Any CPU
		{4DE2F230-4FD5-423E-AECB-081004A798E4}.Release|Any CPU.ActiveCfg = Release|Any CPU
		{4DE2F230-4FD5-423E-AECB-081004A798E4}.Release|Any CPU.Build.0 = Release|Any CPU
		{7E6C682B-AE53-4B9C-9AFA-6410ADF4CE44}.Debug|Any CPU.ActiveCfg = Debug|Any CPU
		{7E6C682B-AE53-4B9C-9AFA-6410ADF4CE44}.Debug|Any CPU.Build.0 = Debug|Any CPU
		{7E6C682B-AE53-4B9C-9AFA-6410ADF4CE44}.Release|Any CPU.ActiveCfg = Release|Any CPU
		{7E6C682B-AE53-4B9C-9AFA-6410ADF4CE44}.Release|Any CPU.Build.0 = Release|Any CPU
	EndGlobalSection
	GlobalSection(SolutionProperties) = preSolution
		HideSolutionNode = FALSE
	EndGlobalSection
	GlobalSection(ExtensibilityGlobals) = postSolution
		SolutionGuid = {1B834C71-0615-4C09-A0FE-D7217126856F}
	EndGlobalSection
EndGlobal
